
Microsoft Visual Studio Solution File, Format Version 12.00
# Visual Studio Version 16
VisualStudioVersion = 16.0.810.16
MinimumVisualStudioVersion = 10.0.40219.1
Project("{FAE04EC0-301F-11D3-BF4B-00C04F79EFBC}") = "EjercicioObjetos", "EjercicioObjetos\EjercicioObjetos.csproj", "{96E114C7-F7B9-40D5-8147-7B3C32A58660}"
EndProject
Global
	GlobalSection(SolutionConfigurationPlatforms) = preSolution
		Debug|Any CPU = Debug|Any CPU
		Release|Any CPU = Release|Any CPU
	EndGlobalSection
	GlobalSection(ProjectConfigurationPlatforms) = postSolution
		{96E114C7-F7B9-40D5-8147-7B3C32A58660}.Debug|Any CPU.ActiveCfg = Debug|Any CPU
		{96E114C7-F7B9-40D5-8147-7B3C32A58660}.Debug|Any CPU.Build.0 = Debug|Any CPU
		{96E114C7-F7B9-40D5-8147-7B3C32A58660}.Release|Any CPU.ActiveCfg = Release|Any CPU
		{96E114C7-F7B9-40D5-8147-7B3C32A58660}.Release|Any CPU.Build.0 = Release|Any CPU
	EndGlobalSection
	GlobalSection(SolutionProperties) = preSolution
		HideSolutionNode = FALSE
	EndGlobalSection
	GlobalSection(ExtensibilityGlobals) = postSolution
		SolutionGuid = {B3C9E44A-9C78-4D41-8A62-E3ADE423CDDB}
	EndGlobalSection
EndGlobal
